
Microsoft Visual Studio Solution File, Format Version 12.00
# Visual Studio Version 17
VisualStudioVersion = 17.7.34024.191
MinimumVisualStudioVersion = 10.0.40219.1
Project("{FAE04EC0-301F-11D3-BF4B-00C04F79EFBC}") = "VShippingLTD", "VShippingLTD\VShippingLTD.csproj", "{D04D64E9-A82F-4FB5-9113-45ABC55627E9}"
EndProject
Global
	GlobalSection(SolutionConfigurationPlatforms) = preSolution
		Debug|Any CPU = Debug|Any CPU
		Release|Any CPU = Release|Any CPU
	EndGlobalSection
	GlobalSection(ProjectConfigurationPlatforms) = postSolution
		{D04D64E9-A82F-4FB5-9113-45ABC55627E9}.Debug|Any CPU.ActiveCfg = Debug|Any CPU
		{D04D64E9-A82F-4FB5-9113-45ABC55627E9}.Debug|Any CPU.Build.0 = Debug|Any CPU
		{D04D64E9-A82F-4FB5-9113-45ABC55627E9}.Release|Any CPU.ActiveCfg = Release|Any CPU
		{D04D64E9-A82F-4FB5-9113-45ABC55627E9}.Release|Any CPU.Build.0 = Release|Any CPU
	EndGlobalSection
	GlobalSection(SolutionProperties) = preSolution
		HideSolutionNode = FALSE
	EndGlobalSection
	GlobalSection(ExtensibilityGlobals) = postSolution
		SolutionGuid = {2E6C77C8-4DD7-4571-A188-238E40BC2D0F}
	EndGlobalSection
EndGlobal
